
Microsoft Visual Studio Solution File, Format Version 12.00
# Visual Studio Version 17
VisualStudioVersion = 17.0.31903.59
MinimumVisualStudioVersion = 10.0.40219.1
Project("{FAE04EC0-301F-11D3-BF4B-00C04F79EFBC}") = "Fakvio.Domain", "Fakvio.Domain\Fakvio.Domain.csproj", "{D9C27F23-EA29-4C8D-84A3-F8B6496B0501}"
EndProject
Project("{FAE04EC0-301F-11D3-BF4B-00C04F79EFBC}") = "Fakvio.Application", "Fakvio.Application\Fakvio.Application.csproj", "{379D562C-2349-4EC9-A62D-59A7D075A476}"
EndProject
Project("{FAE04EC0-301F-11D3-BF4B-00C04F79EFBC}") = "Fakvio.Infrastructure", "Fakvio.Infrastructure\Fakvio.Infrastructure.csproj", "{D1CEAA9D-3BD5-4C48-BD34-F2103A27B535}"
EndProject
Project("{FAE04EC0-301F-11D3-BF4B-00C04F79EFBC}") = "Fakvio.API", "Fakvio.API\Fakvio.API.csproj", "{E257F238-81CF-4C34-B18C-3C0BFA1C6D82}"
EndProject
Project("{FAE04EC0-301F-11D3-BF4B-00C04F79EFBC}") = "AresService", "AresService\AresService.csproj", "{CBB2AF13-F40C-44AF-8BA7-4F216B11273D}"
EndProject
Project("{FAE04EC0-301F-11D3-BF4B-00C04F79EFBC}") = "Fakvio.Tests.Unit", "Fakvio.Tests.Unit\Fakvio.Tests.Unit.csproj", "{15F734FE-D1FB-4A42-BDE0-6E58A426C4EC}"
EndProject
Project("{FAE04EC0-301F-11D3-BF4B-00C04F79EFBC}") = "Fakvio.Tests.Integration", "Fakvio.Tests.Integration\Fakvio.Tests.Integration.csproj", "{69C78351-51C8-4506-AAE9-745DD1997765}"
EndProject
Project("{FAE04EC0-301F-11D3-BF4B-00C04F79EFBC}") = "Fakvio.BlazorUI", "Fakvio.BlazorUI\Fakvio.BlazorUI.csproj", "{783A8D70-1A3F-4888-B8AA-72A0BF3757EC}"
EndProject
Project("{FAE04EC0-301F-11D3-BF4B-00C04F79EFBC}") = "Fakvio.MigrationTool", "Fakvio.MigrationTool\Fakvio.MigrationTool.csproj", "{CFDB40B6-1EF3-40B3-B1B6-E7088CD18A7B}"
EndProject
Project("{FAE04EC0-301F-11D3-BF4B-00C04F79EFBC}") = "Fakvio.Functions", "Fakvio.Functions\Fakvio.Functions.csproj", "{0DF5C102-11CA-4301-866C-70D41B2B761A}"
EndProject
Project("{FAE04EC0-301F-11D3-BF4B-00C04F79EFBC}") = "Fakvio.Contracts", "Fakvio.Contracts\Fakvio.Contracts.csproj", "{FEC035BA-C174-499E-813C-0F2810B5FAEB}"
EndProject
Project("{FAE04EC0-301F-11D3-BF4B-00C04F79EFBC}") = "Fakvio.Functions.Generator", "Fakvio.Functions.Generator\Fakvio.Functions.Generator.csproj", "{E083CEF0-AE67-44F7-9E73-606B4053918D}"
EndProject
Project("{FAE04EC0-301F-11D3-BF4B-00C04F79EFBC}") = "Fakvio.UI.Shared", "Fakvio.UI.Shared\Fakvio.UI.Shared.csproj", "{2DC560A1-EAB2-4DA7-8CCE-BF5DCCCAF00E}"
EndProject
Project("{FAE04EC0-301F-11D3-BF4B-00C04F79EFBC}") = "Fakvio.MauiApp", "Fakvio.MauiApp\Fakvio.MauiApp.csproj", "{A7B3C4D5-E6F7-4890-AB12-CD34EF567890}"
EndProject
Global
	GlobalSection(SolutionConfigurationPlatforms) = preSolution
		Debug|Any CPU = Debug|Any CPU
		Debug|x64 = Debug|x64
		Debug|x86 = Debug|x86
		Release|Any CPU = Release|Any CPU
		Release|x64 = Release|x64
		Release|x86 = Release|x86
	EndGlobalSection
	GlobalSection(ProjectConfigurationPlatforms) = postSolution
		{D9C27F23-EA29-4C8D-84A3-F8B6496B0501}.Debug|Any CPU.ActiveCfg = Debug|Any CPU
		{D9C27F23-EA29-4C8D-84A3-F8B6496B0501}.Debug|Any CPU.Build.0 = Debug|Any CPU
		{D9C27F23-EA29-4C8D-84A3-F8B6496B0501}.Debug|x64.ActiveCfg = Debug|Any CPU
		{D9C27F23-EA29-4C8D-84A3-F8B6496B0501}.Debug|x64.Build.0 = Debug|Any CPU
		{D9C27F23-EA29-4C8D-84A3-F8B6496B0501}.Debug|x86.ActiveCfg = Debug|Any CPU
		{D9C27F23-EA29-4C8D-84A3-F8B6496B0501}.Debug|x86.Build.0 = Debug|Any CPU
		{D9C27F23-EA29-4C8D-84A3-F8B6496B0501}.Release|Any CPU.ActiveCfg = Release|Any CPU
		{D9C27F23-EA29-4C8D-84A3-F8B6496B0501}.Release|Any CPU.Build.0 = Release|Any CPU
		{D9C27F23-EA29-4C8D-84A3-F8B6496B0501}.Release|x64.ActiveCfg = Release|Any CPU
		{D9C27F23-EA29-4C8D-84A3-F8B6496B0501}.Release|x64.Build.0 = Release|Any CPU
		{D9C27F23-EA29-4C8D-84A3-F8B6496B0501}.Release|x86.ActiveCfg = Release|Any CPU
		{D9C27F23-EA29-4C8D-84A3-F8B6496B0501}.Release|x86.Build.0 = Release|Any CPU
		{379D562C-2349-4EC9-A62D-59A7D075A476}.Debug|Any CPU.ActiveCfg = Debug|Any CPU
		{379D562C-2349-4EC9-A62D-59A7D075A476}.Debug|Any CPU.Build.0 = Debug|Any CPU
		{379D562C-2349-4EC9-A62D-59A7D075A476}.Debug|x64.ActiveCfg = Debug|Any CPU
		{379D562C-2349-4EC9-A62D-59A7D075A476}.Debug|x64.Build.0 = Debug|Any CPU
		{379D562C-2349-4EC9-A62D-59A7D075A476}.Debug|x86.ActiveCfg = Debug|Any CPU
		{379D562C-2349-4EC9-A62D-59A7D075A476}.Debug|x86.Build.0 = Debug|Any CPU
		{379D562C-2349-4EC9-A62D-59A7D075A476}.Release|Any CPU.ActiveCfg = Release|Any CPU
		{379D562C-2349-4EC9-A62D-59A7D075A476}.Release|Any CPU.Build.0 = Release|Any CPU
		{379D562C-2349-4EC9-A62D-59A7D075A476}.Release|x64.ActiveCfg = Release|Any CPU
		{379D562C-2349-4EC9-A62D-59A7D075A476}.Release|x64.Build.0 = Release|Any CPU
		{379D562C-2349-4EC9-A62D-59A7D075A476}.Release|x86.ActiveCfg = Release|Any CPU
		{379D562C-2349-4EC9-A62D-59A7D075A476}.Release|x86.Build.0 = Release|Any CPU
		{D1CEAA9D-3BD5-4C48-BD34-F2103A27B535}.Debug|Any CPU.ActiveCfg = Debug|Any CPU
		{D1CEAA9D-3BD5-4C48-BD34-F2103A27B535}.Debug|Any CPU.Build.0 = Debug|Any CPU
		{D1CEAA9D-3BD5-4C48-BD34-F2103A27B535}.Debug|x64.ActiveCfg = Debug|Any CPU
		{D1CEAA9D-3BD5-4C48-BD34-F2103A27B535}.Debug|x64.Build.0 = Debug|Any CPU
		{D1CEAA9D-3BD5-4C48-BD34-F2103A27B535}.Debug|x86.ActiveCfg = Debug|Any CPU
		{D1CEAA9D-3BD5-4C48-BD34-F2103A27B535}.Debug|x86.Build.0 = Debug|Any CPU
		{D1CEAA9D-3BD5-4C48-BD34-F2103A27B535}.Release|Any CPU.ActiveCfg = Release|Any CPU
		{D1CEAA9D-3BD5-4C48-BD34-F2103A27B535}.Release|Any CPU.Build.0 = Release|Any CPU
		{D1CEAA9D-3BD5-4C48-BD34-F2103A27B535}.Release|x64.ActiveCfg = Release|Any CPU
		{D1CEAA9D-3BD5-4C48-BD34-F2103A27B535}.Release|x64.Build.0 = Release|Any CPU
		{D1CEAA9D-3BD5-4C48-BD34-F2103A27B535}.Release|x86.ActiveCfg = Release|Any CPU
		{D1CEAA9D-3BD5-4C48-BD34-F2103A27B535}.Release|x86.Build.0 = Release|Any CPU
		{E257F238-81CF-4C34-B18C-3C0BFA1C6D82}.Debug|Any CPU.ActiveCfg = Debug|Any CPU
		{E257F238-81CF-4C34-B18C-3C0BFA1C6D82}.Debug|Any CPU.Build.0 = Debug|Any CPU
		{E257F238-81CF-4C34-B18C-3C0BFA1C6D82}.Debug|x64.ActiveCfg = Debug|Any CPU
		{E257F238-81CF-4C34-B18C-3C0BFA1C6D82}.Debug|x64.Build.0 = Debug|Any CPU
		{E257F238-81CF-4C34-B18C-3C0BFA1C6D82}.Debug|x86.ActiveCfg = Debug|Any CPU
		{E257F238-81CF-4C34-B18C-3C0BFA1C6D82}.Debug|x86.Build.0 = Debug|Any CPU
		{E257F238-81CF-4C34-B18C-3C0BFA1C6D82}.Release|Any CPU.ActiveCfg = Release|Any CPU
		{E257F238-81CF-4C34-B18C-3C0BFA1C6D82}.Release|Any CPU.Build.0 = Release|Any CPU
		{E257F238-81CF-4C34-B18C-3C0BFA1C6D82}.Release|x64.ActiveCfg = Release|Any CPU
		{E257F238-81CF-4C34-B18C-3C0BFA1C6D82}.Release|x64.Build.0 = Release|Any CPU
		{E257F238-81CF-4C34-B18C-3C0BFA1C6D82}.Release|x86.ActiveCfg = Release|Any CPU
		{E257F238-81CF-4C34-B18C-3C0BFA1C6D82}.Release|x86.Build.0 = Release|Any CPU
		{CBB2AF13-F40C-44AF-8BA7-4F216B11273D}.Debug|Any CPU.ActiveCfg = Debug|Any CPU
		{CBB2AF13-F40C-44AF-8BA7-4F216B11273D}.Debug|Any CPU.Build.0 = Debug|Any CPU
		{CBB2AF13-F40C-44AF-8BA7-4F216B11273D}.Debug|x64.ActiveCfg = Debug|Any CPU
		{CBB2AF13-F40C-44AF-8BA7-4F216B11273D}.Debug|x64.Build.0 = Debug|Any CPU
		{CBB2AF13-F40C-44AF-8BA7-4F216B11273D}.Debug|x86.ActiveCfg = Debug|Any CPU
		{CBB2AF13-F40C-44AF-8BA7-4F216B11273D}.Debug|x86.Build.0 = Debug|Any CPU
		{CBB2AF13-F40C-44AF-8BA7-4F216B11273D}.Release|Any CPU.ActiveCfg = Release|Any CPU
		{CBB2AF13-F40C-44AF-8BA7-4F216B11273D}.Release|Any CPU.Build.0 = Release|Any CPU
		{CBB2AF13-F40C-44AF-8BA7-4F216B11273D}.Release|x64.ActiveCfg = Release|Any CPU
		{CBB2AF13-F40C-44AF-8BA7-4F216B11273D}.Release|x64.Build.0 = Release|Any CPU
		{CBB2AF13-F40C-44AF-8BA7-4F216B11273D}.Release|x86.ActiveCfg = Release|Any CPU
		{CBB2AF13-F40C-44AF-8BA7-4F216B11273D}.Release|x86.Build.0 = Release|Any CPU
		{15F734FE-D1FB-4A42-BDE0-6E58A426C4EC}.Debug|Any CPU.ActiveCfg = Debug|Any CPU
		{15F734FE-D1FB-4A42-BDE0-6E58A426C4EC}.Debug|Any CPU.Build.0 = Debug|Any CPU
		{15F734FE-D1FB-4A42-BDE0-6E58A426C4EC}.Debug|x64.ActiveCfg = Debug|Any CPU
		{15F734FE-D1FB-4A42-BDE0-6E58A426C4EC}.Debug|x64.Build.0 = Debug|Any CPU
		{15F734FE-D1FB-4A42-BDE0-6E58A426C4EC}.Debug|x86.ActiveCfg = Debug|Any CPU
		{15F734FE-D1FB-4A42-BDE0-6E58A426C4EC}.Debug|x86.Build.0 = Debug|Any CPU
		{15F734FE-D1FB-4A42-BDE0-6E58A426C4EC}.Release|Any CPU.ActiveCfg = Release|Any CPU
		{15F734FE-D1FB-4A42-BDE0-6E58A426C4EC}.Release|Any CPU.Build.0 = Release|Any CPU
		{15F734FE-D1FB-4A42-BDE0-6E58A426C4EC}.Release|x64.ActiveCfg = Release|Any CPU
		{15F734FE-D1FB-4A42-BDE0-6E58A426C4EC}.Release|x64.Build.0 = Release|Any CPU
		{15F734FE-D1FB-4A42-BDE0-6E58A426C4EC}.Release|x86.ActiveCfg = Release|Any CPU
		{15F734FE-D1FB-4A42-BDE0-6E58A426C4EC}.Release|x86.Build.0 = Release|Any CPU
		{69C78351-51C8-4506-AAE9-745DD1997765}.Debug|Any CPU.ActiveCfg = Debug|Any CPU
		{69C78351-51C8-4506-AAE9-745DD1997765}.Debug|Any CPU.Build.0 = Debug|Any CPU
		{69C78351-51C8-4506-AAE9-745DD1997765}.Debug|x64.ActiveCfg = Debug|Any CPU
		{69C78351-51C8-4506-AAE9-745DD1997765}.Debug|x64.Build.0 = Debug|Any CPU
		{69C78351-51C8-4506-AAE9-745DD1997765}.Debug|x86.ActiveCfg = Debug|Any CPU
		{69C78351-51C8-4506-AAE9-745DD1997765}.Debug|x86.Build.0 = Debug|Any CPU
		{69C78351-51C8-4506-AAE9-745DD1997765}.Release|Any CPU.ActiveCfg = Release|Any CPU
		{69C78351-51C8-4506-AAE9-745DD1997765}.Release|Any CPU.Build.0 = Release|Any CPU
		{69C78351-51C8-4506-AAE9-745DD1997765}.Release|x64.ActiveCfg = Release|Any CPU
		{69C78351-51C8-4506-AAE9-745DD1997765}.Release|x64.Build.0 = Release|Any CPU
		{69C78351-51C8-4506-AAE9-745DD1997765}.Release|x86.ActiveCfg = Release|Any CPU
		{69C78351-51C8-4506-AAE9-745DD1997765}.Release|x86.Build.0 = Release|Any CPU
		{783A8D70-1A3F-4888-B8AA-72A0BF3757EC}.Debug|Any CPU.ActiveCfg = Debug|Any CPU
		{783A8D70-1A3F-4888-B8AA-72A0BF3757EC}.Debug|Any CPU.Build.0 = Debug|Any CPU
		{783A8D70-1A3F-4888-B8AA-72A0BF3757EC}.Debug|x64.ActiveCfg = Debug|Any CPU
		{783A8D70-1A3F-4888-B8AA-72A0BF3757EC}.Debug|x64.Build.0 = Debug|Any CPU
		{783A8D70-1A3F-4888-B8AA-72A0BF3757EC}.Debug|x86.ActiveCfg = Debug|Any CPU
		{783A8D70-1A3F-4888-B8AA-72A0BF3757EC}.Debug|x86.Build.0 = Debug|Any CPU
		{783A8D70-1A3F-4888-B8AA-72A0BF3757EC}.Release|Any CPU.ActiveCfg = Release|Any CPU
		{783A8D70-1A3F-4888-B8AA-72A0BF3757EC}.Release|Any CPU.Build.0 = Release|Any CPU
		{783A8D70-1A3F-4888-B8AA-72A0BF3757EC}.Release|x64.ActiveCfg = Release|Any CPU
		{783A8D70-1A3F-4888-B8AA-72A0BF3757EC}.Release|x64.Build.0 = Release|Any CPU
		{783A8D70-1A3F-4888-B8AA-72A0BF3757EC}.Release|x86.ActiveCfg = Release|Any CPU
		{783A8D70-1A3F-4888-B8AA-72A0BF3757EC}.Release|x86.Build.0 = Release|Any CPU
		{CFDB40B6-1EF3-40B3-B1B6-E7088CD18A7B}.Debug|Any CPU.ActiveCfg = Debug|Any CPU
		{CFDB40B6-1EF3-40B3-B1B6-E7088CD18A7B}.Debug|Any CPU.Build.0 = Debug|Any CPU
		{CFDB40B6-1EF3-40B3-B1B6-E7088CD18A7B}.Debug|x64.ActiveCfg = Debug|Any CPU
		{CFDB40B6-1EF3-40B3-B1B6-E7088CD18A7B}.Debug|x64.Build.0 = Debug|Any CPU
		{CFDB40B6-1EF3-40B3-B1B6-E7088CD18A7B}.Debug|x86.ActiveCfg = Debug|Any CPU
		{CFDB40B6-1EF3-40B3-B1B6-E7088CD18A7B}.Debug|x86.Build.0 = Debug|Any CPU
		{CFDB40B6-1EF3-40B3-B1B6-E7088CD18A7B}.Release|Any CPU.ActiveCfg = Release|Any CPU
		{CFDB40B6-1EF3-40B3-B1B6-E7088CD18A7B}.Release|Any CPU.Build.0 = Release|Any CPU
		{CFDB40B6-1EF3-40B3-B1B6-E7088CD18A7B}.Release|x64.ActiveCfg = Release|Any CPU
		{CFDB40B6-1EF3-40B3-B1B6-E7088CD18A7B}.Release|x64.Build.0 = Release|Any CPU
		{CFDB40B6-1EF3-40B3-B1B6-E7088CD18A7B}.Release|x86.ActiveCfg = Release|Any CPU
		{CFDB40B6-1EF3-40B3-B1B6-E7088CD18A7B}.Release|x86.Build.0 = Release|Any CPU
		{0DF5C102-11CA-4301-866C-70D41B2B761A}.Debug|Any CPU.ActiveCfg = Debug|Any CPU
		{0DF5C102-11CA-4301-866C-70D41B2B761A}.Debug|Any CPU.Build.0 = Debug|Any CPU
		{0DF5C102-11CA-4301-866C-70D41B2B761A}.Debug|x64.ActiveCfg = Debug|Any CPU
		{0DF5C102-11CA-4301-866C-70D41B2B761A}.Debug|x64.Build.0 = Debug|Any CPU
		{0DF5C102-11CA-4301-866C-70D41B2B761A}.Debug|x86.ActiveCfg = Debug|Any CPU
		{0DF5C102-11CA-4301-866C-70D41B2B761A}.Debug|x86.Build.0 = Debug|Any CPU
		{0DF5C102-11CA-4301-866C-70D41B2B761A}.Release|Any CPU.ActiveCfg = Release|Any CPU
		{0DF5C102-11CA-4301-866C-70D41B2B761A}.Release|Any CPU.Build.0 = Release|Any CPU
		{0DF5C102-11CA-4301-866C-70D41B2B761A}.Release|x64.ActiveCfg = Release|Any CPU
		{0DF5C102-11CA-4301-866C-70D41B2B761A}.Release|x64.Build.0 = Release|Any CPU
		{0DF5C102-11CA-4301-866C-70D41B2B761A}.Release|x86.ActiveCfg = Release|Any CPU
		{0DF5C102-11CA-4301-866C-70D41B2B761A}.Release|x86.Build.0 = Release|Any CPU
		{FEC035BA-C174-499E-813C-0F2810B5FAEB}.Debug|Any CPU.ActiveCfg = Debug|Any CPU
		{FEC035BA-C174-499E-813C-0F2810B5FAEB}.Debug|Any CPU.Build.0 = Debug|Any CPU
		{FEC035BA-C174-499E-813C-0F2810B5FAEB}.Debug|x64.ActiveCfg = Debug|Any CPU
		{FEC035BA-C174-499E-813C-0F2810B5FAEB}.Debug|x64.Build.0 = Debug|Any CPU
		{FEC035BA-C174-499E-813C-0F2810B5FAEB}.Debug|x86.ActiveCfg = Debug|Any CPU
		{FEC035BA-C174-499E-813C-0F2810B5FAEB}.Debug|x86.Build.0 = Debug|Any CPU
		{FEC035BA-C174-499E-813C-0F2810B5FAEB}.Release|Any CPU.ActiveCfg = Release|Any CPU
		{FEC035BA-C174-499E-813C-0F2810B5FAEB}.Release|Any CPU.Build.0 = Release|Any CPU
		{FEC035BA-C174-499E-813C-0F2810B5FAEB}.Release|x64.ActiveCfg = Release|Any CPU
		{FEC035BA-C174-499E-813C-0F2810B5FAEB}.Release|x64.Build.0 = Release|Any CPU
		{FEC035BA-C174-499E-813C-0F2810B5FAEB}.Release|x86.ActiveCfg = Release|Any CPU
		{FEC035BA-C174-499E-813C-0F2810B5FAEB}.Release|x86.Build.0 = Release|Any CPU
		{E083CEF0-AE67-44F7-9E73-606B4053918D}.Debug|Any CPU.ActiveCfg = Debug|Any CPU
		{E083CEF0-AE67-44F7-9E73-606B4053918D}.Debug|Any CPU.Build.0 = Debug|Any CPU
		{E083CEF0-AE67-44F7-9E73-606B4053918D}.Debug|x64.ActiveCfg = Debug|Any CPU
		{E083CEF0-AE67-44F7-9E73-606B4053918D}.Debug|x64.Build.0 = Debug|Any CPU
		{E083CEF0-AE67-44F7-9E73-606B4053918D}.Debug|x86.ActiveCfg = Debug|Any CPU
		{E083CEF0-AE67-44F7-9E73-606B4053918D}.Debug|x86.Build.0 = Debug|Any CPU
		{E083CEF0-AE67-44F7-9E73-606B4053918D}.Release|Any CPU.ActiveCfg = Release|Any CPU
		{E083CEF0-AE67-44F7-9E73-606B4053918D}.Release|Any CPU.Build.0 = Release|Any CPU
		{E083CEF0-AE67-44F7-9E73-606B4053918D}.Release|x64.ActiveCfg = Release|Any CPU
		{E083CEF0-AE67-44F7-9E73-606B4053918D}.Release|x64.Build.0 = Release|Any CPU
		{E083CEF0-AE67-44F7-9E73-606B4053918D}.Release|x86.ActiveCfg = Release|Any CPU
		{E083CEF0-AE67-44F7-9E73-606B4053918D}.Release|x86.Build.0 = Release|Any CPU
		{2DC560A1-EAB2-4DA7-8CCE-BF5DCCCAF00E}.Debug|Any CPU.ActiveCfg = Debug|Any CPU
		{2DC560A1-EAB2-4DA7-8CCE-BF5DCCCAF00E}.Debug|Any CPU.Build.0 = Debug|Any CPU
		{2DC560A1-EAB2-4DA7-8CCE-BF5DCCCAF00E}.Debug|x64.ActiveCfg = Debug|Any CPU
		{2DC560A1-EAB2-4DA7-8CCE-BF5DCCCAF00E}.Debug|x64.Build.0 = Debug|Any CPU
		{2DC560A1-EAB2-4DA7-8CCE-BF5DCCCAF00E}.Debug|x86.ActiveCfg = Debug|Any CPU
		{2DC560A1-EAB2-4DA7-8CCE-BF5DCCCAF00E}.Debug|x86.Build.0 = Debug|Any CPU
		{2DC560A1-EAB2-4DA7-8CCE-BF5DCCCAF00E}.Release|Any CPU.ActiveCfg = Release|Any CPU
		{2DC560A1-EAB2-4DA7-8CCE-BF5DCCCAF00E}.Release|Any CPU.Build.0 = Release|Any CPU
		{2DC560A1-EAB2-4DA7-8CCE-BF5DCCCAF00E}.Release|x64.ActiveCfg = Release|Any CPU
		{2DC560A1-EAB2-4DA7-8CCE-BF5DCCCAF00E}.Release|x64.Build.0 = Release|Any CPU
		{2DC560A1-EAB2-4DA7-8CCE-BF5DCCCAF00E}.Release|x86.ActiveCfg = Release|Any CPU
		{2DC560A1-EAB2-4DA7-8CCE-BF5DCCCAF00E}.Release|x86.Build.0 = Release|Any CPU
		{A7B3C4D5-E6F7-4890-AB12-CD34EF567890}.Debug|Any CPU.ActiveCfg = Debug|Any CPU
		{A7B3C4D5-E6F7-4890-AB12-CD34EF567890}.Debug|Any CPU.Build.0 = Debug|Any CPU
		{A7B3C4D5-E6F7-4890-AB12-CD34EF567890}.Debug|x64.ActiveCfg = Debug|Any CPU
		{A7B3C4D5-E6F7-4890-AB12-CD34EF567890}.Debug|x64.Build.0 = Debug|Any CPU
		{A7B3C4D5-E6F7-4890-AB12-CD34EF567890}.Debug|x86.ActiveCfg = Debug|Any CPU
		{A7B3C4D5-E6F7-4890-AB12-CD34EF567890}.Debug|x86.Build.0 = Debug|Any CPU
		{A7B3C4D5-E6F7-4890-AB12-CD34EF567890}.Release|Any CPU.ActiveCfg = Release|Any CPU
		{A7B3C4D5-E6F7-4890-AB12-CD34EF567890}.Release|Any CPU.Build.0 = Release|Any CPU
		{A7B3C4D5-E6F7-4890-AB12-CD34EF567890}.Release|x64.ActiveCfg = Release|Any CPU
		{A7B3C4D5-E6F7-4890-AB12-CD34EF567890}.Release|x64.Build.0 = Release|Any CPU
		{A7B3C4D5-E6F7-4890-AB12-CD34EF567890}.Release|x86.ActiveCfg = Release|Any CPU
		{A7B3C4D5-E6F7-4890-AB12-CD34EF567890}.Release|x86.Build.0 = Release|Any CPU
	EndGlobalSection
	GlobalSection(SolutionProperties) = preSolution
		HideSolutionNode = FALSE
	EndGlobalSection
EndGlobal
