
Microsoft Visual Studio Solution File, Format Version 12.00
# Visual Studio Version 17
VisualStudioVersion = 17.0.31903.59
MinimumVisualStudioVersion = 10.0.40219.1
Project("{FAE04EC0-301F-11D3-BF4B-00C04F79EFBC}") = "InvoiceApi.Domain", "InvoiceApi.Domain\InvoiceApi.Domain.csproj", "{D9C27F23-EA29-4C8D-84A3-F8B6496B0501}"
EndProject
Project("{FAE04EC0-301F-11D3-BF4B-00C04F79EFBC}") = "InvoiceApi.Application", "InvoiceApi.Application\InvoiceApi.Application.csproj", "{379D562C-2349-4EC9-A62D-59A7D075A476}"
EndProject
Project("{FAE04EC0-301F-11D3-BF4B-00C04F79EFBC}") = "InvoiceApi.Infrastructure", "InvoiceApi.Infrastructure\InvoiceApi.Infrastructure.csproj", "{D1CEAA9D-3BD5-4C48-BD34-F2103A27B535}"
EndProject
Project("{FAE04EC0-301F-11D3-BF4B-00C04F79EFBC}") = "InvoiceApi.API", "InvoiceApi.API\InvoiceApi.API.csproj", "{E257F238-81CF-4C34-B18C-3C0BFA1C6D82}"
EndProject
Project("{FAE04EC0-301F-11D3-BF4B-00C04F79EFBC}") = "AresService", "AresService\AresService.csproj", "{CBB2AF13-F40C-44AF-8BA7-4F216B11273D}"
EndProject
Project("{FAE04EC0-301F-11D3-BF4B-00C04F79EFBC}") = "InvoiceApi.Tests.Unit", "InvoiceApi.Tests.Unit\InvoiceApi.Tests.Unit.csproj", "{15F734FE-D1FB-4A42-BDE0-6E58A426C4EC}"
EndProject
Project("{FAE04EC0-301F-11D3-BF4B-00C04F79EFBC}") = "InvoiceApi.Tests.Integration", "InvoiceApi.Tests.Integration\InvoiceApi.Tests.Integration.csproj", "{69C78351-51C8-4506-AAE9-745DD1997765}"
EndProject
Project("{FAE04EC0-301F-11D3-BF4B-00C04F79EFBC}") = "InvoiceApi.BlazorUI", "InvoiceApi.BlazorUI\InvoiceApi.BlazorUI.csproj", "{783A8D70-1A3F-4888-B8AA-72A0BF3757EC}"
EndProject
Project("{FAE04EC0-301F-11D3-BF4B-00C04F79EFBC}") = "InvoiceApi.MigrationTool", "InvoiceApi.MigrationTool\InvoiceApi.MigrationTool.csproj", "{CFDB40B6-1EF3-40B3-B1B6-E7088CD18A7B}"
EndProject
Project("{FAE04EC0-301F-11D3-BF4B-00C04F79EFBC}") = "InvoiceApi.Functions", "InvoiceApi.Functions\InvoiceApi.Functions.csproj", "{0DF5C102-11CA-4301-866C-70D41B2B761A}"
EndProject
Global
	GlobalSection(SolutionConfigurationPlatforms) = preSolution
		Debug|Any CPU = Debug|Any CPU
		Debug|x64 = Debug|x64
		Debug|x86 = Debug|x86
		Release|Any CPU = Release|Any CPU
		Release|x64 = Release|x64
		Release|x86 = Release|x86
	EndGlobalSection
	GlobalSection(ProjectConfigurationPlatforms) = postSolution
		{D9C27F23-EA29-4C8D-84A3-F8B6496B0501}.Debug|Any CPU.ActiveCfg = Debug|Any CPU
		{D9C27F23-EA29-4C8D-84A3-F8B6496B0501}.Debug|Any CPU.Build.0 = Debug|Any CPU
		{D9C27F23-EA29-4C8D-84A3-F8B6496B0501}.Debug|x64.ActiveCfg = Debug|Any CPU
		{D9C27F23-EA29-4C8D-84A3-F8B6496B0501}.Debug|x64.Build.0 = Debug|Any CPU
		{D9C27F23-EA29-4C8D-84A3-F8B6496B0501}.Debug|x86.ActiveCfg = Debug|Any CPU
		{D9C27F23-EA29-4C8D-84A3-F8B6496B0501}.Debug|x86.Build.0 = Debug|Any CPU
		{D9C27F23-EA29-4C8D-84A3-F8B6496B0501}.Release|Any CPU.ActiveCfg = Release|Any CPU
		{D9C27F23-EA29-4C8D-84A3-F8B6496B0501}.Release|Any CPU.Build.0 = Release|Any CPU
		{D9C27F23-EA29-4C8D-84A3-F8B6496B0501}.Release|x64.ActiveCfg = Release|Any CPU
		{D9C27F23-EA29-4C8D-84A3-F8B6496B0501}.Release|x64.Build.0 = Release|Any CPU
		{D9C27F23-EA29-4C8D-84A3-F8B6496B0501}.Release|x86.ActiveCfg = Release|Any CPU
		{D9C27F23-EA29-4C8D-84A3-F8B6496B0501}.Release|x86.Build.0 = Release|Any CPU
		{379D562C-2349-4EC9-A62D-59A7D075A476}.Debug|Any CPU.ActiveCfg = Debug|Any CPU
		{379D562C-2349-4EC9-A62D-59A7D075A476}.Debug|Any CPU.Build.0 = Debug|Any CPU
		{379D562C-2349-4EC9-A62D-59A7D075A476}.Debug|x64.ActiveCfg = Debug|Any CPU
		{379D562C-2349-4EC9-A62D-59A7D075A476}.Debug|x64.Build.0 = Debug|Any CPU
		{379D562C-2349-4EC9-A62D-59A7D075A476}.Debug|x86.ActiveCfg = Debug|Any CPU
		{379D562C-2349-4EC9-A62D-59A7D075A476}.Debug|x86.Build.0 = Debug|Any CPU
		{379D562C-2349-4EC9-A62D-59A7D075A476}.Release|Any CPU.ActiveCfg = Release|Any CPU
		{379D562C-2349-4EC9-A62D-59A7D075A476}.Release|Any CPU.Build.0 = Release|Any CPU
		{379D562C-2349-4EC9-A62D-59A7D075A476}.Release|x64.ActiveCfg = Release|Any CPU
		{379D562C-2349-4EC9-A62D-59A7D075A476}.Release|x64.Build.0 = Release|Any CPU
		{379D562C-2349-4EC9-A62D-59A7D075A476}.Release|x86.ActiveCfg = Release|Any CPU
		{379D562C-2349-4EC9-A62D-59A7D075A476}.Release|x86.Build.0 = Release|Any CPU
		{D1CEAA9D-3BD5-4C48-BD34-F2103A27B535}.Debug|Any CPU.ActiveCfg = Debug|Any CPU
		{D1CEAA9D-3BD5-4C48-BD34-F2103A27B535}.Debug|Any CPU.Build.0 = Debug|Any CPU
		{D1CEAA9D-3BD5-4C48-BD34-F2103A27B535}.Debug|x64.ActiveCfg = Debug|Any CPU
		{D1CEAA9D-3BD5-4C48-BD34-F2103A27B535}.Debug|x64.Build.0 = Debug|Any CPU
		{D1CEAA9D-3BD5-4C48-BD34-F2103A27B535}.Debug|x86.ActiveCfg = Debug|Any CPU
		{D1CEAA9D-3BD5-4C48-BD34-F2103A27B535}.Debug|x86.Build.0 = Debug|Any CPU
		{D1CEAA9D-3BD5-4C48-BD34-F2103A27B535}.Release|Any CPU.ActiveCfg = Release|Any CPU
		{D1CEAA9D-3BD5-4C48-BD34-F2103A27B535}.Release|Any CPU.Build.0 = Release|Any CPU
		{D1CEAA9D-3BD5-4C48-BD34-F2103A27B535}.Release|x64.ActiveCfg = Release|Any CPU
		{D1CEAA9D-3BD5-4C48-BD34-F2103A27B535}.Release|x64.Build.0 = Release|Any CPU
		{D1CEAA9D-3BD5-4C48-BD34-F2103A27B535}.Release|x86.ActiveCfg = Release|Any CPU
		{D1CEAA9D-3BD5-4C48-BD34-F2103A27B535}.Release|x86.Build.0 = Release|Any CPU
		{E257F238-81CF-4C34-B18C-3C0BFA1C6D82}.Debug|Any CPU.ActiveCfg = Debug|Any CPU
		{E257F238-81CF-4C34-B18C-3C0BFA1C6D82}.Debug|Any CPU.Build.0 = Debug|Any CPU
		{E257F238-81CF-4C34-B18C-3C0BFA1C6D82}.Debug|x64.ActiveCfg = Debug|Any CPU
		{E257F238-81CF-4C34-B18C-3C0BFA1C6D82}.Debug|x64.Build.0 = Debug|Any CPU
		{E257F238-81CF-4C34-B18C-3C0BFA1C6D82}.Debug|x86.ActiveCfg = Debug|Any CPU
		{E257F238-81CF-4C34-B18C-3C0BFA1C6D82}.Debug|x86.Build.0 = Debug|Any CPU
		{E257F238-81CF-4C34-B18C-3C0BFA1C6D82}.Release|Any CPU.ActiveCfg = Release|Any CPU
		{E257F238-81CF-4C34-B18C-3C0BFA1C6D82}.Release|Any CPU.Build.0 = Release|Any CPU
		{E257F238-81CF-4C34-B18C-3C0BFA1C6D82}.Release|x64.ActiveCfg = Release|Any CPU
		{E257F238-81CF-4C34-B18C-3C0BFA1C6D82}.Release|x64.Build.0 = Release|Any CPU
		{E257F238-81CF-4C34-B18C-3C0BFA1C6D82}.Release|x86.ActiveCfg = Release|Any CPU
		{E257F238-81CF-4C34-B18C-3C0BFA1C6D82}.Release|x86.Build.0 = Release|Any CPU
		{CBB2AF13-F40C-44AF-8BA7-4F216B11273D}.Debug|Any CPU.ActiveCfg = Debug|Any CPU
		{CBB2AF13-F40C-44AF-8BA7-4F216B11273D}.Debug|Any CPU.Build.0 = Debug|Any CPU
		{CBB2AF13-F40C-44AF-8BA7-4F216B11273D}.Debug|x64.ActiveCfg = Debug|Any CPU
		{CBB2AF13-F40C-44AF-8BA7-4F216B11273D}.Debug|x64.Build.0 = Debug|Any CPU
		{CBB2AF13-F40C-44AF-8BA7-4F216B11273D}.Debug|x86.ActiveCfg = Debug|Any CPU
		{CBB2AF13-F40C-44AF-8BA7-4F216B11273D}.Debug|x86.Build.0 = Debug|Any CPU
		{CBB2AF13-F40C-44AF-8BA7-4F216B11273D}.Release|Any CPU.ActiveCfg = Release|Any CPU
		{CBB2AF13-F40C-44AF-8BA7-4F216B11273D}.Release|Any CPU.Build.0 = Release|Any CPU
		{CBB2AF13-F40C-44AF-8BA7-4F216B11273D}.Release|x64.ActiveCfg = Release|Any CPU
		{CBB2AF13-F40C-44AF-8BA7-4F216B11273D}.Release|x64.Build.0 = Release|Any CPU
		{CBB2AF13-F40C-44AF-8BA7-4F216B11273D}.Release|x86.ActiveCfg = Release|Any CPU
		{CBB2AF13-F40C-44AF-8BA7-4F216B11273D}.Release|x86.Build.0 = Release|Any CPU
		{15F734FE-D1FB-4A42-BDE0-6E58A426C4EC}.Debug|Any CPU.ActiveCfg = Debug|Any CPU
		{15F734FE-D1FB-4A42-BDE0-6E58A426C4EC}.Debug|Any CPU.Build.0 = Debug|Any CPU
		{15F734FE-D1FB-4A42-BDE0-6E58A426C4EC}.Debug|x64.ActiveCfg = Debug|Any CPU
		{15F734FE-D1FB-4A42-BDE0-6E58A426C4EC}.Debug|x64.Build.0 = Debug|Any CPU
		{15F734FE-D1FB-4A42-BDE0-6E58A426C4EC}.Debug|x86.ActiveCfg = Debug|Any CPU
		{15F734FE-D1FB-4A42-BDE0-6E58A426C4EC}.Debug|x86.Build.0 = Debug|Any CPU
		{15F734FE-D1FB-4A42-BDE0-6E58A426C4EC}.Release|Any CPU.ActiveCfg = Release|Any CPU
		{15F734FE-D1FB-4A42-BDE0-6E58A426C4EC}.Release|Any CPU.Build.0 = Release|Any CPU
		{15F734FE-D1FB-4A42-BDE0-6E58A426C4EC}.Release|x64.ActiveCfg = Release|Any CPU
		{15F734FE-D1FB-4A42-BDE0-6E58A426C4EC}.Release|x64.Build.0 = Release|Any CPU
		{15F734FE-D1FB-4A42-BDE0-6E58A426C4EC}.Release|x86.ActiveCfg = Release|Any CPU
		{15F734FE-D1FB-4A42-BDE0-6E58A426C4EC}.Release|x86.Build.0 = Release|Any CPU
		{69C78351-51C8-4506-AAE9-745DD1997765}.Debug|Any CPU.ActiveCfg = Debug|Any CPU
		{69C78351-51C8-4506-AAE9-745DD1997765}.Debug|Any CPU.Build.0 = Debug|Any CPU
		{69C78351-51C8-4506-AAE9-745DD1997765}.Debug|x64.ActiveCfg = Debug|Any CPU
		{69C78351-51C8-4506-AAE9-745DD1997765}.Debug|x64.Build.0 = Debug|Any CPU
		{69C78351-51C8-4506-AAE9-745DD1997765}.Debug|x86.ActiveCfg = Debug|Any CPU
		{69C78351-51C8-4506-AAE9-745DD1997765}.Debug|x86.Build.0 = Debug|Any CPU
		{69C78351-51C8-4506-AAE9-745DD1997765}.Release|Any CPU.ActiveCfg = Release|Any CPU
		{69C78351-51C8-4506-AAE9-745DD1997765}.Release|Any CPU.Build.0 = Release|Any CPU
		{69C78351-51C8-4506-AAE9-745DD1997765}.Release|x64.ActiveCfg = Release|Any CPU
		{69C78351-51C8-4506-AAE9-745DD1997765}.Release|x64.Build.0 = Release|Any CPU
		{69C78351-51C8-4506-AAE9-745DD1997765}.Release|x86.ActiveCfg = Release|Any CPU
		{69C78351-51C8-4506-AAE9-745DD1997765}.Release|x86.Build.0 = Release|Any CPU
		{783A8D70-1A3F-4888-B8AA-72A0BF3757EC}.Debug|Any CPU.ActiveCfg = Debug|Any CPU
		{783A8D70-1A3F-4888-B8AA-72A0BF3757EC}.Debug|Any CPU.Build.0 = Debug|Any CPU
		{783A8D70-1A3F-4888-B8AA-72A0BF3757EC}.Debug|x64.ActiveCfg = Debug|Any CPU
		{783A8D70-1A3F-4888-B8AA-72A0BF3757EC}.Debug|x64.Build.0 = Debug|Any CPU
		{783A8D70-1A3F-4888-B8AA-72A0BF3757EC}.Debug|x86.ActiveCfg = Debug|Any CPU
		{783A8D70-1A3F-4888-B8AA-72A0BF3757EC}.Debug|x86.Build.0 = Debug|Any CPU
		{783A8D70-1A3F-4888-B8AA-72A0BF3757EC}.Release|Any CPU.ActiveCfg = Release|Any CPU
		{783A8D70-1A3F-4888-B8AA-72A0BF3757EC}.Release|Any CPU.Build.0 = Release|Any CPU
		{783A8D70-1A3F-4888-B8AA-72A0BF3757EC}.Release|x64.ActiveCfg = Release|Any CPU
		{783A8D70-1A3F-4888-B8AA-72A0BF3757EC}.Release|x64.Build.0 = Release|Any CPU
		{783A8D70-1A3F-4888-B8AA-72A0BF3757EC}.Release|x86.ActiveCfg = Release|Any CPU
		{783A8D70-1A3F-4888-B8AA-72A0BF3757EC}.Release|x86.Build.0 = Release|Any CPU
		{CFDB40B6-1EF3-40B3-B1B6-E7088CD18A7B}.Debug|Any CPU.ActiveCfg = Debug|Any CPU
		{CFDB40B6-1EF3-40B3-B1B6-E7088CD18A7B}.Debug|Any CPU.Build.0 = Debug|Any CPU
		{CFDB40B6-1EF3-40B3-B1B6-E7088CD18A7B}.Debug|x64.ActiveCfg = Debug|Any CPU
		{CFDB40B6-1EF3-40B3-B1B6-E7088CD18A7B}.Debug|x64.Build.0 = Debug|Any CPU
		{CFDB40B6-1EF3-40B3-B1B6-E7088CD18A7B}.Debug|x86.ActiveCfg = Debug|Any CPU
		{CFDB40B6-1EF3-40B3-B1B6-E7088CD18A7B}.Debug|x86.Build.0 = Debug|Any CPU
		{CFDB40B6-1EF3-40B3-B1B6-E7088CD18A7B}.Release|Any CPU.ActiveCfg = Release|Any CPU
		{CFDB40B6-1EF3-40B3-B1B6-E7088CD18A7B}.Release|Any CPU.Build.0 = Release|Any CPU
		{CFDB40B6-1EF3-40B3-B1B6-E7088CD18A7B}.Release|x64.ActiveCfg = Release|Any CPU
		{CFDB40B6-1EF3-40B3-B1B6-E7088CD18A7B}.Release|x64.Build.0 = Release|Any CPU
		{CFDB40B6-1EF3-40B3-B1B6-E7088CD18A7B}.Release|x86.ActiveCfg = Release|Any CPU
		{CFDB40B6-1EF3-40B3-B1B6-E7088CD18A7B}.Release|x86.Build.0 = Release|Any CPU
		{0DF5C102-11CA-4301-866C-70D41B2B761A}.Debug|Any CPU.ActiveCfg = Debug|Any CPU
		{0DF5C102-11CA-4301-866C-70D41B2B761A}.Debug|Any CPU.Build.0 = Debug|Any CPU
		{0DF5C102-11CA-4301-866C-70D41B2B761A}.Debug|x64.ActiveCfg = Debug|Any CPU
		{0DF5C102-11CA-4301-866C-70D41B2B761A}.Debug|x64.Build.0 = Debug|Any CPU
		{0DF5C102-11CA-4301-866C-70D41B2B761A}.Debug|x86.ActiveCfg = Debug|Any CPU
		{0DF5C102-11CA-4301-866C-70D41B2B761A}.Debug|x86.Build.0 = Debug|Any CPU
		{0DF5C102-11CA-4301-866C-70D41B2B761A}.Release|Any CPU.ActiveCfg = Release|Any CPU
		{0DF5C102-11CA-4301-866C-70D41B2B761A}.Release|Any CPU.Build.0 = Release|Any CPU
		{0DF5C102-11CA-4301-866C-70D41B2B761A}.Release|x64.ActiveCfg = Release|Any CPU
		{0DF5C102-11CA-4301-866C-70D41B2B761A}.Release|x64.Build.0 = Release|Any CPU
		{0DF5C102-11CA-4301-866C-70D41B2B761A}.Release|x86.ActiveCfg = Release|Any CPU
		{0DF5C102-11CA-4301-866C-70D41B2B761A}.Release|x86.Build.0 = Release|Any CPU
	EndGlobalSection
	GlobalSection(SolutionProperties) = preSolution
		HideSolutionNode = FALSE
	EndGlobalSection
EndGlobal
